
Microsoft Visual Studio Solution File, Format Version 12.00
# Visual Studio Version 17
VisualStudioVersion = 17.4.33205.214
MinimumVisualStudioVersion = 10.0.40219.1
Project("{8BC9CEB8-8B4A-11D0-8D11-00A0C91BC942}") = "BOJ_6359", "BOJ_6359.vcxproj", "{51A2C1AC-1D41-49DD-9C0E-4F84403F03B7}"
EndProject
Global
	GlobalSection(SolutionConfigurationPlatforms) = preSolution
		Debug|x64 = Debug|x64
		Release|x64 = Release|x64
	EndGlobalSection
	GlobalSection(ProjectConfigurationPlatforms) = postSolution
		{51A2C1AC-1D41-49DD-9C0E-4F84403F03B7}.Debug|x64.ActiveCfg = Debug|x64
		{51A2C1AC-1D41-49DD-9C0E-4F84403F03B7}.Debug|x64.Build.0 = Debug|x64
		{51A2C1AC-1D41-49DD-9C0E-4F84403F03B7}.Release|x64.ActiveCfg = Release|x64
		{51A2C1AC-1D41-49DD-9C0E-4F84403F03B7}.Release|x64.Build.0 = Release|x64
	EndGlobalSection
	GlobalSection(SolutionProperties) = preSolution
		HideSolutionNode = FALSE
	EndGlobalSection
	GlobalSection(ExtensibilityGlobals) = postSolution
		SolutionGuid = {5C3F8920-9D70-4AA0-B792-207FB9D667B9}
	EndGlobalSection
EndGlobal
